// !$*UTF8*$!
{
	archiveVersion = 1;
	classes = {
	};
	objectVersion = 50;
	objects = {

/* Begin PBXBuildFile section */
		7545506D272218A2001988AC /* AppDelegate.swift in Sources */ = {isa = PBXBuildFile; fileRef = 7545506C272218A2001988AC /* AppDelegate.swift */; };
		7545506F272218A2001988AC /* SceneDelegate.swift in Sources */ = {isa = PBXBuildFile; fileRef = 7545506E272218A2001988AC /* SceneDelegate.swift */; };
		75455071272218A2001988AC /* ViewController.swift in Sources */ = {isa = PBXBuildFile; fileRef = 75455070272218A2001988AC /* ViewController.swift */; };
		75455074272218A2001988AC /* Main.storyboard in Resources */ = {isa = PBXBuildFile; fileRef = 75455072272218A2001988AC /* Main.storyboard */; };
		75455076272218AB001988AC /* Assets.xcassets in Resources */ = {isa = PBXBuildFile; fileRef = 75455075272218AB001988AC /* Assets.xcassets */; };
		75455079272218AB001988AC /* LaunchScreen.storyboard in Resources */ = {isa = PBXBuildFile; fileRef = 75455077272218AB001988AC /* LaunchScreen.storyboard */; };
		75455084272218AC001988AC /* ToDoAppTests.swift in Sources */ = {isa = PBXBuildFile; fileRef = 75455083272218AC001988AC /* ToDoAppTests.swift */; };
		7545508F272218AC001988AC /* ToDoAppUITests.swift in Sources */ = {isa = PBXBuildFile; fileRef = 7545508E272218AC001988AC /* ToDoAppUITests.swift */; };
		754550A02722220E001988AC /* ToDoItem.swift in Sources */ = {isa = PBXBuildFile; fileRef = 7545509F2722220E001988AC /* ToDoItem.swift */; };
		754550A52722DE82001988AC /* FileCache.swift in Sources */ = {isa = PBXBuildFile; fileRef = 754550A42722DE82001988AC /* FileCache.swift */; };
		754550AA2722DE99001988AC /* Importance.swift in Sources */ = {isa = PBXBuildFile; fileRef = 754550A92722DE99001988AC /* Importance.swift */; };
/* End PBXBuildFile section */

/* Begin PBXContainerItemProxy section */
		75455080272218AC001988AC /* PBXContainerItemProxy */ = {
			isa = PBXContainerItemProxy;
			containerPortal = 75455061272218A2001988AC /* Project object */;
			proxyType = 1;
			remoteGlobalIDString = 75455068272218A2001988AC;
			remoteInfo = ToDoApp;
		};
		7545508B272218AC001988AC /* PBXContainerItemProxy */ = {
			isa = PBXContainerItemProxy;
			containerPortal = 75455061272218A2001988AC /* Project object */;
			proxyType = 1;
			remoteGlobalIDString = 75455068272218A2001988AC;
			remoteInfo = ToDoApp;
		};
/* End PBXContainerItemProxy section */

/* Begin PBXFileReference section */
		75455069272218A2001988AC /* ToDoApp.app */ = {isa = PBXFileReference; explicitFileType = wrapper.application; includeInIndex = 0; path = ToDoApp.app; sourceTree = BUILT_PRODUCTS_DIR; };
		7545506C272218A2001988AC /* AppDelegate.swift */ = {isa = PBXFileReference; lastKnownFileType = sourcecode.swift; path = AppDelegate.swift; sourceTree = "<group>"; };
		7545506E272218A2001988AC /* SceneDelegate.swift */ = {isa = PBXFileReference; lastKnownFileType = sourcecode.swift; path = SceneDelegate.swift; sourceTree = "<group>"; };
		75455070272218A2001988AC /* ViewController.swift */ = {isa = PBXFileReference; lastKnownFileType = sourcecode.swift; path = ViewController.swift; sourceTree = "<group>"; };
		75455073272218A2001988AC /* Base */ = {isa = PBXFileReference; lastKnownFileType = file.storyboard; name = Base; path = Base.lproj/Main.storyboard; sourceTree = "<group>"; };
		75455075272218AB001988AC /* Assets.xcassets */ = {isa = PBXFileReference; lastKnownFileType = folder.assetcatalog; path = Assets.xcassets; sourceTree = "<group>"; };
		75455078272218AB001988AC /* Base */ = {isa = PBXFileReference; lastKnownFileType = file.storyboard; name = Base; path = Base.lproj/LaunchScreen.storyboard; sourceTree = "<group>"; };
		7545507A272218AB001988AC /* Info.plist */ = {isa = PBXFileReference; lastKnownFileType = text.plist.xml; path = Info.plist; sourceTree = "<group>"; };
		7545507F272218AC001988AC /* ToDoAppTests.xctest */ = {isa = PBXFileReference; explicitFileType = wrapper.cfbundle; includeInIndex = 0; path = ToDoAppTests.xctest; sourceTree = BUILT_PRODUCTS_DIR; };
		75455083272218AC001988AC /* ToDoAppTests.swift */ = {isa = PBXFileReference; lastKnownFileType = sourcecode.swift; path = ToDoAppTests.swift; sourceTree = "<group>"; };
		75455085272218AC001988AC /* Info.plist */ = {isa = PBXFileReference; lastKnownFileType = text.plist.xml; path = Info.plist; sourceTree = "<group>"; };
		7545508A272218AC001988AC /* ToDoAppUITests.xctest */ = {isa = PBXFileReference; explicitFileType = wrapper.cfbundle; includeInIndex = 0; path = ToDoAppUITests.xctest; sourceTree = BUILT_PRODUCTS_DIR; };
		7545508E272218AC001988AC /* ToDoAppUITests.swift */ = {isa = PBXFileReference; lastKnownFileType = sourcecode.swift; path = ToDoAppUITests.swift; sourceTree = "<group>"; };
		75455090272218AC001988AC /* Info.plist */ = {isa = PBXFileReference; lastKnownFileType = text.plist.xml; path = Info.plist; sourceTree = "<group>"; };
		7545509F2722220E001988AC /* ToDoItem.swift */ = {isa = PBXFileReference; lastKnownFileType = sourcecode.swift; path = ToDoItem.swift; sourceTree = "<group>"; };
		754550A42722DE82001988AC /* FileCache.swift */ = {isa = PBXFileReference; lastKnownFileType = sourcecode.swift; path = FileCache.swift; sourceTree = "<group>"; };
		754550A92722DE99001988AC /* Importance.swift */ = {isa = PBXFileReference; lastKnownFileType = sourcecode.swift; path = Importance.swift; sourceTree = "<group>"; };
/* End PBXFileReference section */

/* Begin PBXFrameworksBuildPhase section */
		75455066272218A2001988AC /* Frameworks */ = {
			isa = PBXFrameworksBuildPhase;
			buildActionMask = 2147483647;
			files = (
			);
			runOnlyForDeploymentPostprocessing = 0;
		};
		7545507C272218AC001988AC /* Frameworks */ = {
			isa = PBXFrameworksBuildPhase;
			buildActionMask = 2147483647;
			files = (
			);
			runOnlyForDeploymentPostprocessing = 0;
		};
		75455087272218AC001988AC /* Frameworks */ = {
			isa = PBXFrameworksBuildPhase;
			buildActionMask = 2147483647;
			files = (
			);
			runOnlyForDeploymentPostprocessing = 0;
		};
/* End PBXFrameworksBuildPhase section */

/* Begin PBXGroup section */
		75455060272218A2001988AC = {
			isa = PBXGroup;
			children = (
				7545506B272218A2001988AC /* ToDoApp */,
				75455082272218AC001988AC /* ToDoAppTests */,
				7545508D272218AC001988AC /* ToDoAppUITests */,
				7545506A272218A2001988AC /* Products */,
			);
			sourceTree = "<group>";
		};
		7545506A272218A2001988AC /* Products */ = {
			isa = PBXGroup;
			children = (
				75455069272218A2001988AC /* ToDoApp.app */,
				7545507F272218AC001988AC /* ToDoAppTests.xctest */,
				7545508A272218AC001988AC /* ToDoAppUITests.xctest */,
			);
			name = Products;
			sourceTree = "<group>";
		};
		7545506B272218A2001988AC /* ToDoApp */ = {
			isa = PBXGroup;
			children = (
				7545506C272218A2001988AC /* AppDelegate.swift */,
				7545506E272218A2001988AC /* SceneDelegate.swift */,
				75455070272218A2001988AC /* ViewController.swift */,
				75455072272218A2001988AC /* Main.storyboard */,
				75455075272218AB001988AC /* Assets.xcassets */,
				75455077272218AB001988AC /* LaunchScreen.storyboard */,
				7545507A272218AB001988AC /* Info.plist */,
				7545509F2722220E001988AC /* ToDoItem.swift */,
				754550A42722DE82001988AC /* FileCache.swift */,
				754550A92722DE99001988AC /* Importance.swift */,
			);
			path = ToDoApp;
			sourceTree = "<group>";
		};
		75455082272218AC001988AC /* ToDoAppTests */ = {
			isa = PBXGroup;
			children = (
				75455083272218AC001988AC /* ToDoAppTests.swift */,
				75455085272218AC001988AC /* Info.plist */,
			);
			path = ToDoAppTests;
			sourceTree = "<group>";
		};
		7545508D272218AC001988AC /* ToDoAppUITests */ = {
			isa = PBXGroup;
			children = (
				7545508E272218AC001988AC /* ToDoAppUITests.swift */,
				75455090272218AC001988AC /* Info.plist */,
			);
			path = ToDoAppUITests;
			sourceTree = "<group>";
		};
/* End PBXGroup section */

/* Begin PBXNativeTarget section */
		75455068272218A2001988AC /* ToDoApp */ = {
			isa = PBXNativeTarget;
			buildConfigurationList = 75455093272218AC001988AC /* Build configuration list for PBXNativeTarget "ToDoApp" */;
			buildPhases = (
				75455065272218A2001988AC /* Sources */,
				75455066272218A2001988AC /* Frameworks */,
				75455067272218A2001988AC /* Resources */,
			);
			buildRules = (
			);
			dependencies = (
			);
			name = ToDoApp;
			productName = ToDoApp;
			productReference = 75455069272218A2001988AC /* ToDoApp.app */;
			productType = "com.apple.product-type.application";
		};
		7545507E272218AC001988AC /* ToDoAppTests */ = {
			isa = PBXNativeTarget;
			buildConfigurationList = 75455096272218AC001988AC /* Build configuration list for PBXNativeTarget "ToDoAppTests" */;
			buildPhases = (
				7545507B272218AC001988AC /* Sources */,
				7545507C272218AC001988AC /* Frameworks */,
				7545507D272218AC001988AC /* Resources */,
			);
			buildRules = (
			);
			dependencies = (
				75455081272218AC001988AC /* PBXTargetDependency */,
			);
			name = ToDoAppTests;
			productName = ToDoAppTests;
			productReference = 7545507F272218AC001988AC /* ToDoAppTests.xctest */;
			productType = "com.apple.product-type.bundle.unit-test";
		};
		75455089272218AC001988AC /* ToDoAppUITests */ = {
			isa = PBXNativeTarget;
			buildConfigurationList = 75455099272218AC001988AC /* Build configuration list for PBXNativeTarget "ToDoAppUITests" */;
			buildPhases = (
				75455086272218AC001988AC /* Sources */,
				75455087272218AC001988AC /* Frameworks */,
				75455088272218AC001988AC /* Resources */,
			);
			buildRules = (
			);
			dependencies = (
				7545508C272218AC001988AC /* PBXTargetDependency */,
			);
			name = ToDoAppUITests;
			productName = ToDoAppUITests;
			productReference = 7545508A272218AC001988AC /* ToDoAppUITests.xctest */;
			productType = "com.apple.product-type.bundle.ui-testing";
		};
/* End PBXNativeTarget section */

/* Begin PBXProject section */
		75455061272218A2001988AC /* Project object */ = {
			isa = PBXProject;
			attributes = {
				LastSwiftUpdateCheck = 1240;
				LastUpgradeCheck = 1240;
				TargetAttributes = {
					75455068272218A2001988AC = {
						CreatedOnToolsVersion = 12.4;
					};
					7545507E272218AC001988AC = {
						CreatedOnToolsVersion = 12.4;
						TestTargetID = 75455068272218A2001988AC;
					};
					75455089272218AC001988AC = {
						CreatedOnToolsVersion = 12.4;
						TestTargetID = 75455068272218A2001988AC;
					};
				};
			};
			buildConfigurationList = 75455064272218A2001988AC /* Build configuration list for PBXProject "ToDoApp" */;
			compatibilityVersion = "Xcode 9.3";
			developmentRegion = en;
			hasScannedForEncodings = 0;
			knownRegions = (
				en,
				Base,
			);
			mainGroup = 75455060272218A2001988AC;
			productRefGroup = 7545506A272218A2001988AC /* Products */;
			projectDirPath = "";
			projectRoot = "";
			targets = (
				75455068272218A2001988AC /* ToDoApp */,
				7545507E272218AC001988AC /* ToDoAppTests */,
				75455089272218AC001988AC /* ToDoAppUITests */,
			);
		};
/* End PBXProject section */

/* Begin PBXResourcesBuildPhase section */
		75455067272218A2001988AC /* Resources */ = {
			isa = PBXResourcesBuildPhase;
			buildActionMask = 2147483647;
			files = (
				75455079272218AB001988AC /* LaunchScreen.storyboard in Resources */,
				75455076272218AB001988AC /* Assets.xcassets in Resources */,
				75455074272218A2001988AC /* Main.storyboard in Resources */,
			);
			runOnlyForDeploymentPostprocessing = 0;
		};
		7545507D272218AC001988AC /* Resources */ = {
			isa = PBXResourcesBuildPhase;
			buildActionMask = 2147483647;
			files = (
			);
			runOnlyForDeploymentPostprocessing = 0;
		};
		75455088272218AC001988AC /* Resources */ = {
			isa = PBXResourcesBuildPhase;
			buildActionMask = 2147483647;
			files = (
			);
			runOnlyForDeploymentPostprocessing = 0;
		};
/* End PBXResourcesBuildPhase section */

/* Begin PBXSourcesBuildPhase section */
		75455065272218A2001988AC /* Sources */ = {
			isa = PBXSourcesBuildPhase;
			buildActionMask = 2147483647;
			files = (
				75455071272218A2001988AC /* ViewController.swift in Sources */,
				7545506D272218A2001988AC /* AppDelegate.swift in Sources */,
				754550A02722220E001988AC /* ToDoItem.swift in Sources */,
				754550AA2722DE99001988AC /* Importance.swift in Sources */,
				754550A52722DE82001988AC /* FileCache.swift in Sources */,
				7545506F272218A2001988AC /* SceneDelegate.swift in Sources */,
			);
			runOnlyForDeploymentPostprocessing = 0;
		};
		7545507B272218AC001988AC /* Sources */ = {
			isa = PBXSourcesBuildPhase;
			buildActionMask = 2147483647;
			files = (
				75455084272218AC001988AC /* ToDoAppTests.swift in Sources */,
			);
			runOnlyForDeploymentPostprocessing = 0;
		};
		75455086272218AC001988AC /* Sources */ = {
			isa = PBXSourcesBuildPhase;
			buildActionMask = 2147483647;
			files = (
				7545508F272218AC001988AC /* ToDoAppUITests.swift in Sources */,
			);
			runOnlyForDeploymentPostprocessing = 0;
		};
/* End PBXSourcesBuildPhase section */

/* Begin PBXTargetDependency section */
		75455081272218AC001988AC /* PBXTargetDependency */ = {
			isa = PBXTargetDependency;
			target = 75455068272218A2001988AC /* ToDoApp */;
			targetProxy = 75455080272218AC001988AC /* PBXContainerItemProxy */;
		};
		7545508C272218AC001988AC /* PBXTargetDependency */ = {
			isa = PBXTargetDependency;
			target = 75455068272218A2001988AC /* ToDoApp */;
			targetProxy = 7545508B272218AC001988AC /* PBXContainerItemProxy */;
		};
/* End PBXTargetDependency section */

/* Begin PBXVariantGroup section */
		75455072272218A2001988AC /* Main.storyboard */ = {
			isa = PBXVariantGroup;
			children = (
				75455073272218A2001988AC /* Base */,
			);
			name = Main.storyboard;
			sourceTree = "<group>";
		};
		75455077272218AB001988AC /* LaunchScreen.storyboard */ = {
			isa = PBXVariantGroup;
			children = (
				75455078272218AB001988AC /* Base */,
			);
			name = LaunchScreen.storyboard;
			sourceTree = "<group>";
		};
/* End PBXVariantGroup section */

/* Begin XCBuildConfiguration section */
		75455091272218AC001988AC /* Debug */ = {
			isa = XCBuildConfiguration;
			buildSettings = {
				ALWAYS_SEARCH_USER_PATHS = NO;
				CLANG_ANALYZER_NONNULL = YES;
				CLANG_ANALYZER_NUMBER_OBJECT_CONVERSION = YES_AGGRESSIVE;
				CLANG_CXX_LANGUAGE_STANDARD = "gnu++14";
				CLANG_CXX_LIBRARY = "libc++";
				CLANG_ENABLE_MODULES = YES;
				CLANG_ENABLE_OBJC_ARC = YES;
				CLANG_ENABLE_OBJC_WEAK = YES;
				CLANG_WARN_BLOCK_CAPTURE_AUTORELEASING = YES;
				CLANG_WARN_BOOL_CONVERSION = YES;
				CLANG_WARN_COMMA = YES;
				CLANG_WARN_CONSTANT_CONVERSION = YES;
				CLANG_WARN_DEPRECATED_OBJC_IMPLEMENTATIONS = YES;
				CLANG_WARN_DIRECT_OBJC_ISA_USAGE = YES_ERROR;
				CLANG_WARN_DOCUMENTATION_COMMENTS = YES;
				CLANG_WARN_EMPTY_BODY = YES;
				CLANG_WARN_ENUM_CONVERSION = YES;
				CLANG_WARN_INFINITE_RECURSION = YES;
				CLANG_WARN_INT_CONVERSION = YES;
				CLANG_WARN_NON_LITERAL_NULL_CONVERSION = YES;
				CLANG_WARN_OBJC_IMPLICIT_RETAIN_SELF = YES;
				CLANG_WARN_OBJC_LITERAL_CONVERSION = YES;
				CLANG_WARN_OBJC_ROOT_CLASS = YES_ERROR;
				CLANG_WARN_QUOTED_INCLUDE_IN_FRAMEWORK_HEADER = YES;
				CLANG_WARN_RANGE_LOOP_ANALYSIS = YES;
				CLANG_WARN_STRICT_PROTOTYPES = YES;
				CLANG_WARN_SUSPICIOUS_MOVE = YES;
				CLANG_WARN_UNGUARDED_AVAILABILITY = YES_AGGRESSIVE;
				CLANG_WARN_UNREACHABLE_CODE = YES;
				CLANG_WARN__DUPLICATE_METHOD_MATCH = YES;
				COPY_PHASE_STRIP = NO;
				DEBUG_INFORMATION_FORMAT = dwarf;
				ENABLE_STRICT_OBJC_MSGSEND = YES;
				ENABLE_TESTABILITY = YES;
				GCC_C_LANGUAGE_STANDARD = gnu11;
				GCC_DYNAMIC_NO_PIC = NO;
				GCC_NO_COMMON_BLOCKS = YES;
				GCC_OPTIMIZATION_LEVEL = 0;
				GCC_PREPROCESSOR_DEFINITIONS = (
					"DEBUG=1",
					"$(inherited)",
				);
				GCC_WARN_64_TO_32_BIT_CONVERSION = YES;
				GCC_WARN_ABOUT_RETURN_TYPE = YES_ERROR;
				GCC_WARN_UNDECLARED_SELECTOR = YES;
				GCC_WARN_UNINITIALIZED_AUTOS = YES_AGGRESSIVE;
				GCC_WARN_UNUSED_FUNCTION = YES;
				GCC_WARN_UNUSED_VARIABLE = YES;
				IPHONEOS_DEPLOYMENT_TARGET = 14.4;
				MTL_ENABLE_DEBUG_INFO = INCLUDE_SOURCE;
				MTL_FAST_MATH = YES;
				ONLY_ACTIVE_ARCH = YES;
				SDKROOT = iphoneos;
				SWIFT_ACTIVE_COMPILATION_CONDITIONS = DEBUG;
				SWIFT_OPTIMIZATION_LEVEL = "-Onone";
			};
			name = Debug;
		};
		75455092272218AC001988AC /* Release */ = {
			isa = XCBuildConfiguration;
			buildSettings = {
				ALWAYS_SEARCH_USER_PATHS = NO;
				CLANG_ANALYZER_NONNULL = YES;
				CLANG_ANALYZER_NUMBER_OBJECT_CONVERSION = YES_AGGRESSIVE;
				CLANG_CXX_LANGUAGE_STANDARD = "gnu++14";
				CLANG_CXX_LIBRARY = "libc++";
				CLANG_ENABLE_MODULES = YES;
				CLANG_ENABLE_OBJC_ARC = YES;
				CLANG_ENABLE_OBJC_WEAK = YES;
				CLANG_WARN_BLOCK_CAPTURE_AUTORELEASING = YES;
				CLANG_WARN_BOOL_CONVERSION = YES;
				CLANG_WARN_COMMA = YES;
				CLANG_WARN_CONSTANT_CONVERSION = YES;
				CLANG_WARN_DEPRECATED_OBJC_IMPLEMENTATIONS = YES;
				CLANG_WARN_DIRECT_OBJC_ISA_USAGE = YES_ERROR;
				CLANG_WARN_DOCUMENTATION_COMMENTS = YES;
				CLANG_WARN_EMPTY_BODY = YES;
				CLANG_WARN_ENUM_CONVERSION = YES;
				CLANG_WARN_INFINITE_RECURSION = YES;
				CLANG_WARN_INT_CONVERSION = YES;
				CLANG_WARN_NON_LITERAL_NULL_CONVERSION = YES;
				CLANG_WARN_OBJC_IMPLICIT_RETAIN_SELF = YES;
				CLANG_WARN_OBJC_LITERAL_CONVERSION = YES;
				CLANG_WARN_OBJC_ROOT_CLASS = YES_ERROR;
				CLANG_WARN_QUOTED_INCLUDE_IN_FRAMEWORK_HEADER = YES;
				CLANG_WARN_RANGE_LOOP_ANALYSIS = YES;
				CLANG_WARN_STRICT_PROTOTYPES = YES;
				CLANG_WARN_SUSPICIOUS_MOVE = YES;
				CLANG_WARN_UNGUARDED_AVAILABILITY = YES_AGGRESSIVE;
				CLANG_WARN_UNREACHABLE_CODE = YES;
				CLANG_WARN__DUPLICATE_METHOD_MATCH = YES;
				COPY_PHASE_STRIP = NO;
				DEBUG_INFORMATION_FORMAT = "dwarf-with-dsym";
				ENABLE_NS_ASSERTIONS = NO;
				ENABLE_STRICT_OBJC_MSGSEND = YES;
				GCC_C_LANGUAGE_STANDARD = gnu11;
				GCC_NO_COMMON_BLOCKS = YES;
				GCC_WARN_64_TO_32_BIT_CONVERSION = YES;
				GCC_WARN_ABOUT_RETURN_TYPE = YES_ERROR;
				GCC_WARN_UNDECLARED_SELECTOR = YES;
				GCC_WARN_UNINITIALIZED_AUTOS = YES_AGGRESSIVE;
				GCC_WARN_UNUSED_FUNCTION = YES;
				GCC_WARN_UNUSED_VARIABLE = YES;
				IPHONEOS_DEPLOYMENT_TARGET = 14.4;
				MTL_ENABLE_DEBUG_INFO = NO;
				MTL_FAST_MATH = YES;
				SDKROOT = iphoneos;
				SWIFT_COMPILATION_MODE = wholemodule;
				SWIFT_OPTIMIZATION_LEVEL = "-O";
				VALIDATE_PRODUCT = YES;
			};
			name = Release;
		};
		75455094272218AC001988AC /* Debug */ = {
			isa = XCBuildConfiguration;
			buildSettings = {
				ASSETCATALOG_COMPILER_APPICON_NAME = AppIcon;
				ASSETCATALOG_COMPILER_GLOBAL_ACCENT_COLOR_NAME = AccentColor;
				CODE_SIGN_STYLE = Automatic;
				INFOPLIST_FILE = ToDoApp/Info.plist;
				LD_RUNPATH_SEARCH_PATHS = (
					"$(inherited)",
					"@executable_path/Frameworks",
				);
				PRODUCT_BUNDLE_IDENTIFIER = com.andrei.ToDoApp;
				PRODUCT_NAME = "$(TARGET_NAME)";
				SWIFT_VERSION = 5.0;
				TARGETED_DEVICE_FAMILY = "1,2";
			};
			name = Debug;
		};
		75455095272218AC001988AC /* Release */ = {
			isa = XCBuildConfiguration;
			buildSettings = {
				ASSETCATALOG_COMPILER_APPICON_NAME = AppIcon;
				ASSETCATALOG_COMPILER_GLOBAL_ACCENT_COLOR_NAME = AccentColor;
				CODE_SIGN_STYLE = Automatic;
				INFOPLIST_FILE = ToDoApp/Info.plist;
				LD_RUNPATH_SEARCH_PATHS = (
					"$(inherited)",
					"@executable_path/Frameworks",
				);
				PRODUCT_BUNDLE_IDENTIFIER = com.andrei.ToDoApp;
				PRODUCT_NAME = "$(TARGET_NAME)";
				SWIFT_VERSION = 5.0;
				TARGETED_DEVICE_FAMILY = "1,2";
			};
			name = Release;
		};
		75455097272218AC001988AC /* Debug */ = {
			isa = XCBuildConfiguration;
			buildSettings = {
				ALWAYS_EMBED_SWIFT_STANDARD_LIBRARIES = YES;
				BUNDLE_LOADER = "$(TEST_HOST)";
				CODE_SIGN_STYLE = Automatic;
				INFOPLIST_FILE = ToDoAppTests/Info.plist;
				IPHONEOS_DEPLOYMENT_TARGET = 14.4;
				LD_RUNPATH_SEARCH_PATHS = (
					"$(inherited)",
					"@executable_path/Frameworks",
					"@loader_path/Frameworks",
				);
				PRODUCT_BUNDLE_IDENTIFIER = com.andrei.ToDoAppTests;
				PRODUCT_NAME = "$(TARGET_NAME)";
				SWIFT_VERSION = 5.0;
				TARGETED_DEVICE_FAMILY = "1,2";
				TEST_HOST = "$(BUILT_PRODUCTS_DIR)/ToDoApp.app/ToDoApp";
			};
			name = Debug;
		};
		75455098272218AC001988AC /* Release */ = {
			isa = XCBuildConfiguration;
			buildSettings = {
				ALWAYS_EMBED_SWIFT_STANDARD_LIBRARIES = YES;
				BUNDLE_LOADER = "$(TEST_HOST)";
				CODE_SIGN_STYLE = Automatic;
				INFOPLIST_FILE = ToDoAppTests/Info.plist;
				IPHONEOS_DEPLOYMENT_TARGET = 14.4;
				LD_RUNPATH_SEARCH_PATHS = (
					"$(inherited)",
					"@executable_path/Frameworks",
					"@loader_path/Frameworks",
				);
				PRODUCT_BUNDLE_IDENTIFIER = com.andrei.ToDoAppTests;
				PRODUCT_NAME = "$(TARGET_NAME)";
				SWIFT_VERSION = 5.0;
				TARGETED_DEVICE_FAMILY = "1,2";
				TEST_HOST = "$(BUILT_PRODUCTS_DIR)/ToDoApp.app/ToDoApp";
			};
			name = Release;
		};
		7545509A272218AC001988AC /* Debug */ = {
			isa = XCBuildConfiguration;
			buildSettings = {
				ALWAYS_EMBED_SWIFT_STANDARD_LIBRARIES = YES;
				CODE_SIGN_STYLE = Automatic;
				INFOPLIST_FILE = ToDoAppUITests/Info.plist;
				LD_RUNPATH_SEARCH_PATHS = (
					"$(inherited)",
					"@executable_path/Frameworks",
					"@loader_path/Frameworks",
				);
				PRODUCT_BUNDLE_IDENTIFIER = com.andrei.ToDoAppUITests;
				PRODUCT_NAME = "$(TARGET_NAME)";
				SWIFT_VERSION = 5.0;
				TARGETED_DEVICE_FAMILY = "1,2";
				TEST_TARGET_NAME = ToDoApp;
			};
			name = Debug;
		};
		7545509B272218AC001988AC /* Release */ = {
			isa = XCBuildConfiguration;
			buildSettings = {
				ALWAYS_EMBED_SWIFT_STANDARD_LIBRARIES = YES;
				CODE_SIGN_STYLE = Automatic;
				INFOPLIST_FILE = ToDoAppUITests/Info.plist;
				LD_RUNPATH_SEARCH_PATHS = (
					"$(inherited)",
					"@executable_path/Frameworks",
					"@loader_path/Frameworks",
				);
				PRODUCT_BUNDLE_IDENTIFIER = com.andrei.ToDoAppUITests;
				PRODUCT_NAME = "$(TARGET_NAME)";
				SWIFT_VERSION = 5.0;
				TARGETED_DEVICE_FAMILY = "1,2";
				TEST_TARGET_NAME = ToDoApp;
			};
			name = Release;
		};
/* End XCBuildConfiguration section */

/* Begin XCConfigurationList section */
		75455064272218A2001988AC /* Build configuration list for PBXProject "ToDoApp" */ = {
			isa = XCConfigurationList;
			buildConfigurations = (
				75455091272218AC001988AC /* Debug */,
				75455092272218AC001988AC /* Release */,
			);
			defaultConfigurationIsVisible = 0;
			defaultConfigurationName = Release;
		};
		75455093272218AC001988AC /* Build configuration list for PBXNativeTarget "ToDoApp" */ = {
			isa = XCConfigurationList;
			buildConfigurations = (
				75455094272218AC001988AC /* Debug */,
				75455095272218AC001988AC /* Release */,
			);
			defaultConfigurationIsVisible = 0;
			defaultConfigurationName = Release;
		};
		75455096272218AC001988AC /* Build configuration list for PBXNativeTarget "ToDoAppTests" */ = {
			isa = XCConfigurationList;
			buildConfigurations = (
				75455097272218AC001988AC /* Debug */,
				75455098272218AC001988AC /* Release */,
			);
			defaultConfigurationIsVisible = 0;
			defaultConfigurationName = Release;
		};
		75455099272218AC001988AC /* Build configuration list for PBXNativeTarget "ToDoAppUITests" */ = {
			isa = XCConfigurationList;
			buildConfigurations = (
				7545509A272218AC001988AC /* Debug */,
				7545509B272218AC001988AC /* Release */,
			);
			defaultConfigurationIsVisible = 0;
			defaultConfigurationName = Release;
		};
/* End XCConfigurationList section */
	};
	rootObject = 75455061272218A2001988AC /* Project object */;
}
